// !$*UTF8*$!
{
	archiveVersion = 1;
	classes = {
	};
	objectVersion = 50;
	objects = {

/* Begin PBXBuildFile section */
		E86D6108224AAD2500850499 /* AppDelegate.swift in Sources */ = {isa = PBXBuildFile; fileRef = E86D6107224AAD2500850499 /* AppDelegate.swift */; };
		E86D610A224AAD2500850499 /* ViewController.swift in Sources */ = {isa = PBXBuildFile; fileRef = E86D6109224AAD2500850499 /* ViewController.swift */; };
		E86D610D224AAD2500850499 /* Main.storyboard in Resources */ = {isa = PBXBuildFile; fileRef = E86D610B224AAD2500850499 /* Main.storyboard */; };
		E86D610F224AAD2800850499 /* Assets.xcassets in Resources */ = {isa = PBXBuildFile; fileRef = E86D610E224AAD2800850499 /* Assets.xcassets */; };
		E86D6112224AAD2800850499 /* LaunchScreen.storyboard in Resources */ = {isa = PBXBuildFile; fileRef = E86D6110224AAD2800850499 /* LaunchScreen.storyboard */; };
		E86D611C224AB0A000850499 /* UIView+Layout.swift in Sources */ = {isa = PBXBuildFile; fileRef = E86D611B224AB0A000850499 /* UIView+Layout.swift */; };
/* End PBXBuildFile section */

/* Begin PBXFileReference section */
		E86D6104224AAD2500850499 /* CustomSegmentControlledUITableView.app */ = {isa = PBXFileReference; explicitFileType = wrapper.application; includeInIndex = 0; path = CustomSegmentControlledUITableView.app; sourceTree = BUILT_PRODUCTS_DIR; };
		E86D6107224AAD2500850499 /* AppDelegate.swift */ = {isa = PBXFileReference; lastKnownFileType = sourcecode.swift; path = AppDelegate.swift; sourceTree = "<group>"; };
		E86D6109224AAD2500850499 /* ViewController.swift */ = {isa = PBXFileReference; lastKnownFileType = sourcecode.swift; path = ViewController.swift; sourceTree = "<group>"; };
		E86D610C224AAD2500850499 /* Base */ = {isa = PBXFileReference; lastKnownFileType = file.storyboard; name = Base; path = Base.lproj/Main.storyboard; sourceTree = "<group>"; };
		E86D610E224AAD2800850499 /* Assets.xcassets */ = {isa = PBXFileReference; lastKnownFileType = folder.assetcatalog; path = Assets.xcassets; sourceTree = "<group>"; };
		E86D6111224AAD2800850499 /* Base */ = {isa = PBXFileReference; lastKnownFileType = file.storyboard; name = Base; path = Base.lproj/LaunchScreen.storyboard; sourceTree = "<group>"; };
		E86D6113224AAD2800850499 /* Info.plist */ = {isa = PBXFileReference; lastKnownFileType = text.plist.xml; path = Info.plist; sourceTree = "<group>"; };
		E86D611B224AB0A000850499 /* UIView+Layout.swift */ = {isa = PBXFileReference; fileEncoding = 4; lastKnownFileType = sourcecode.swift; path = "UIView+Layout.swift"; sourceTree = "<group>"; };
/* End PBXFileReference section */

/* Begin PBXFrameworksBuildPhase section */
		E86D6101224AAD2500850499 /* Frameworks */ = {
			isa = PBXFrameworksBuildPhase;
			buildActionMask = 2147483647;
			files = (
			);
			runOnlyForDeploymentPostprocessing = 0;
		};
/* End PBXFrameworksBuildPhase section */

/* Begin PBXGroup section */
		E86D60FB224AAD2500850499 = {
			isa = PBXGroup;
			children = (
				E86D6106224AAD2500850499 /* CustomSegmentControlledUITableView */,
				E86D6105224AAD2500850499 /* Products */,
			);
			sourceTree = "<group>";
		};
		E86D6105224AAD2500850499 /* Products */ = {
			isa = PBXGroup;
			children = (
				E86D6104224AAD2500850499 /* CustomSegmentControlledUITableView.app */,
			);
			name = Products;
			sourceTree = "<group>";
		};
		E86D6106224AAD2500850499 /* CustomSegmentControlledUITableView */ = {
			isa = PBXGroup;
			children = (
				E86D6107224AAD2500850499 /* AppDelegate.swift */,
				E86D6109224AAD2500850499 /* ViewController.swift */,
				E86D611B224AB0A000850499 /* UIView+Layout.swift */,
				E86D610B224AAD2500850499 /* Main.storyboard */,
				E86D610E224AAD2800850499 /* Assets.xcassets */,
				E86D6110224AAD2800850499 /* LaunchScreen.storyboard */,
				E86D6113224AAD2800850499 /* Info.plist */,
			);
			path = CustomSegmentControlledUITableView;
			sourceTree = "<group>";
		};
/* End PBXGroup section */

/* Begin PBXNativeTarget section */
		E86D6103224AAD2500850499 /* CustomSegmentControlledUITableView */ = {
			isa = PBXNativeTarget;
			buildConfigurationList = E86D6116224AAD2800850499 /* Build configuration list for PBXNativeTarget "CustomSegmentControlledUITableView" */;
			buildPhases = (
				E86D6100224AAD2500850499 /* Sources */,
				E86D6101224AAD2500850499 /* Frameworks */,
				E86D6102224AAD2500850499 /* Resources */,
			);
			buildRules = (
			);
			dependencies = (
			);
			name = CustomSegmentControlledUITableView;
			productName = CustomSegmentControlledUITableView;
			productReference = E86D6104224AAD2500850499 /* CustomSegmentControlledUITableView.app */;
			productType = "com.apple.product-type.application";
		};
/* End PBXNativeTarget section */

/* Begin PBXProject section */
		E86D60FC224AAD2500850499 /* Project object */ = {
			isa = PBXProject;
			attributes = {
				LastSwiftUpdateCheck = 1020;
				LastUpgradeCheck = 1020;
				ORGANIZATIONNAME = "Hector Steven";
				TargetAttributes = {
					E86D6103224AAD2500850499 = {
						CreatedOnToolsVersion = 10.2;
					};
				};
			};
			buildConfigurationList = E86D60FF224AAD2500850499 /* Build configuration list for PBXProject "CustomSegmentControlledUITableView" */;
			compatibilityVersion = "Xcode 9.3";
			developmentRegion = en;
			hasScannedForEncodings = 0;
			knownRegions = (
				en,
				Base,
			);
			mainGroup = E86D60FB224AAD2500850499;
			productRefGroup = E86D6105224AAD2500850499 /* Products */;
			projectDirPath = "";
			projectRoot = "";
			targets = (
				E86D6103224AAD2500850499 /* CustomSegmentControlledUITableView */,
			);
		};
/* End PBXProject section */

/* Begin PBXResourcesBuildPhase section */
		E86D6102224AAD2500850499 /* Resources */ = {
			isa = PBXResourcesBuildPhase;
			buildActionMask = 2147483647;
			files = (
				E86D6112224AAD2800850499 /* LaunchScreen.storyboard in Resources */,
				E86D610F224AAD2800850499 /* Assets.xcassets in Resources */,
				E86D610D224AAD2500850499 /* Main.storyboard in Resources */,
			);
			runOnlyForDeploymentPostprocessing = 0;
		};
/* End PBXResourcesBuildPhase section */

/* Begin PBXSourcesBuildPhase section */
		E86D6100224AAD2500850499 /* Sources */ = {
			isa = PBXSourcesBuildPhase;
			buildActionMask = 2147483647;
			files = (
				E86D610A224AAD2500850499 /* ViewController.swift in Sources */,
				E86D6108224AAD2500850499 /* AppDelegate.swift in Sources */,
				E86D611C224AB0A000850499 /* UIView+Layout.swift in Sources */,
			);
			runOnlyForDeploymentPostprocessing = 0;
		};
/* End PBXSourcesBuildPhase section */

/* Begin PBXVariantGroup section */
		E86D610B224AAD2500850499 /* Main.storyboard */ = {
			isa = PBXVariantGroup;
			children = (
				E86D610C224AAD2500850499 /* Base */,
			);
			name = Main.storyboard;
			sourceTree = "<group>";
		};
		E86D6110224AAD2800850499 /* LaunchScreen.storyboard */ = {
			isa = PBXVariantGroup;
			children = (
				E86D6111224AAD2800850499 /* Base */,
			);
			name = LaunchScreen.storyboard;
			sourceTree = "<group>";
		};
/* End PBXVariantGroup section */

/* Begin XCBuildConfiguration section */
		E86D6114224AAD2800850499 /* Debug */ = {
			isa = XCBuildConfiguration;
			buildSettings = {
				ALWAYS_SEARCH_USER_PATHS = NO;
				CLANG_ANALYZER_NONNULL = YES;
				CLANG_ANALYZER_NUMBER_OBJECT_CONVERSION = YES_AGGRESSIVE;
				CLANG_CXX_LANGUAGE_STANDARD = "gnu++14";
				CLANG_CXX_LIBRARY = "libc++";
				CLANG_ENABLE_MODULES = YES;
				CLANG_ENABLE_OBJC_ARC = YES;
				CLANG_ENABLE_OBJC_WEAK = YES;
				CLANG_WARN_BLOCK_CAPTURE_AUTORELEASING = YES;
				CLANG_WARN_BOOL_CONVERSION = YES;
				CLANG_WARN_COMMA = YES;
				CLANG_WARN_CONSTANT_CONVERSION = YES;
				CLANG_WARN_DEPRECATED_OBJC_IMPLEMENTATIONS = YES;
				CLANG_WARN_DIRECT_OBJC_ISA_USAGE = YES_ERROR;
				CLANG_WARN_DOCUMENTATION_COMMENTS = YES;
				CLANG_WARN_EMPTY_BODY = YES;
				CLANG_WARN_ENUM_CONVERSION = YES;
				CLANG_WARN_INFINITE_RECURSION = YES;
				CLANG_WARN_INT_CONVERSION = YES;
				CLANG_WARN_NON_LITERAL_NULL_CONVERSION = YES;
				CLANG_WARN_OBJC_IMPLICIT_RETAIN_SELF = YES;
				CLANG_WARN_OBJC_LITERAL_CONVERSION = YES;
				CLANG_WARN_OBJC_ROOT_CLASS = YES_ERROR;
				CLANG_WARN_RANGE_LOOP_ANALYSIS = YES;
				CLANG_WARN_STRICT_PROTOTYPES = YES;
				CLANG_WARN_SUSPICIOUS_MOVE = YES;
				CLANG_WARN_UNGUARDED_AVAILABILITY = YES_AGGRESSIVE;
				CLANG_WARN_UNREACHABLE_CODE = YES;
				CLANG_WARN__DUPLICATE_METHOD_MATCH = YES;
				CODE_SIGN_IDENTITY = "iPhone Developer";
				COPY_PHASE_STRIP = NO;
				DEBUG_INFORMATION_FORMAT = dwarf;
				ENABLE_STRICT_OBJC_MSGSEND = YES;
				ENABLE_TESTABILITY = YES;
				GCC_C_LANGUAGE_STANDARD = gnu11;
				GCC_DYNAMIC_NO_PIC = NO;
				GCC_NO_COMMON_BLOCKS = YES;
				GCC_OPTIMIZATION_LEVEL = 0;
				GCC_PREPROCESSOR_DEFINITIONS = (
					"DEBUG=1",
					"$(inherited)",
				);
				GCC_WARN_64_TO_32_BIT_CONVERSION = YES;
				GCC_WARN_ABOUT_RETURN_TYPE = YES_ERROR;
				GCC_WARN_UNDECLARED_SELECTOR = YES;
				GCC_WARN_UNINITIALIZED_AUTOS = YES_AGGRESSIVE;
				GCC_WARN_UNUSED_FUNCTION = YES;
				GCC_WARN_UNUSED_VARIABLE = YES;
				IPHONEOS_DEPLOYMENT_TARGET = 12.2;
				MTL_ENABLE_DEBUG_INFO = INCLUDE_SOURCE;
				MTL_FAST_MATH = YES;
				ONLY_ACTIVE_ARCH = YES;
				SDKROOT = iphoneos;
				SWIFT_ACTIVE_COMPILATION_CONDITIONS = DEBUG;
				SWIFT_OPTIMIZATION_LEVEL = "-Onone";
			};
			name = Debug;
		};
		E86D6115224AAD2800850499 /* Release */ = {
			isa = XCBuildConfiguration;
			buildSettings = {
				ALWAYS_SEARCH_USER_PATHS = NO;
				CLANG_ANALYZER_NONNULL = YES;
				CLANG_ANALYZER_NUMBER_OBJECT_CONVERSION = YES_AGGRESSIVE;
				CLANG_CXX_LANGUAGE_STANDARD = "gnu++14";
				CLANG_CXX_LIBRARY = "libc++";
				CLANG_ENABLE_MODULES = YES;
				CLANG_ENABLE_OBJC_ARC = YES;
				CLANG_ENABLE_OBJC_WEAK = YES;
				CLANG_WARN_BLOCK_CAPTURE_AUTORELEASING = YES;
				CLANG_WARN_BOOL_CONVERSION = YES;
				CLANG_WARN_COMMA = YES;
				CLANG_WARN_CONSTANT_CONVERSION = YES;
				CLANG_WARN_DEPRECATED_OBJC_IMPLEMENTATIONS = YES;
				CLANG_WARN_DIRECT_OBJC_ISA_USAGE = YES_ERROR;
				CLANG_WARN_DOCUMENTATION_COMMENTS = YES;
				CLANG_WARN_EMPTY_BODY = YES;
				CLANG_WARN_ENUM_CONVERSION = YES;
				CLANG_WARN_INFINITE_RECURSION = YES;
				CLANG_WARN_INT_CONVERSION = YES;
				CLANG_WARN_NON_LITERAL_NULL_CONVERSION = YES;
				CLANG_WARN_OBJC_IMPLICIT_RETAIN_SELF = YES;
				CLANG_WARN_OBJC_LITERAL_CONVERSION = YES;
				CLANG_WARN_OBJC_ROOT_CLASS = YES_ERROR;
				CLANG_WARN_RANGE_LOOP_ANALYSIS = YES;
				CLANG_WARN_STRICT_PROTOTYPES = YES;
				CLANG_WARN_SUSPICIOUS_MOVE = YES;
				CLANG_WARN_UNGUARDED_AVAILABILITY = YES_AGGRESSIVE;
				CLANG_WARN_UNREACHABLE_CODE = YES;
				CLANG_WARN__DUPLICATE_METHOD_MATCH = YES;
				CODE_SIGN_IDENTITY = "iPhone Developer";
				COPY_PHASE_STRIP = NO;
				DEBUG_INFORMATION_FORMAT = "dwarf-with-dsym";
				ENABLE_NS_ASSERTIONS = NO;
				ENABLE_STRICT_OBJC_MSGSEND = YES;
				GCC_C_LANGUAGE_STANDARD = gnu11;
				GCC_NO_COMMON_BLOCKS = YES;
				GCC_WARN_64_TO_32_BIT_CONVERSION = YES;
				GCC_WARN_ABOUT_RETURN_TYPE = YES_ERROR;
				GCC_WARN_UNDECLARED_SELECTOR = YES;
				GCC_WARN_UNINITIALIZED_AUTOS = YES_AGGRESSIVE;
				GCC_WARN_UNUSED_FUNCTION = YES;
				GCC_WARN_UNUSED_VARIABLE = YES;
				IPHONEOS_DEPLOYMENT_TARGET = 12.2;
				MTL_ENABLE_DEBUG_INFO = NO;
				MTL_FAST_MATH = YES;
				SDKROOT = iphoneos;
				SWIFT_COMPILATION_MODE = wholemodule;
				SWIFT_OPTIMIZATION_LEVEL = "-O";
				VALIDATE_PRODUCT = YES;
			};
			name = Release;
		};
		E86D6117224AAD2800850499 /* Debug */ = {
			isa = XCBuildConfiguration;
			buildSettings = {
				ASSETCATALOG_COMPILER_APPICON_NAME = AppIcon;
				CODE_SIGN_STYLE = Automatic;
				DEVELOPMENT_TEAM = 97AS6JS382;
				INFOPLIST_FILE = CustomSegmentControlledUITableView/Info.plist;
				LD_RUNPATH_SEARCH_PATHS = (
					"$(inherited)",
					"@executable_path/Frameworks",
				);
				PRODUCT_BUNDLE_IDENTIFIER = com.hvillasa.CustomSegmentControlledUITableView;
				PRODUCT_NAME = "$(TARGET_NAME)";
				SWIFT_VERSION = 5.0;
				TARGETED_DEVICE_FAMILY = "1,2";
			};
			name = Debug;
		};
		E86D6118224AAD2800850499 /* Release */ = {
			isa = XCBuildConfiguration;
			buildSettings = {
				ASSETCATALOG_COMPILER_APPICON_NAME = AppIcon;
				CODE_SIGN_STYLE = Automatic;
				DEVELOPMENT_TEAM = 97AS6JS382;
				INFOPLIST_FILE = CustomSegmentControlledUITableView/Info.plist;
				LD_RUNPATH_SEARCH_PATHS = (
					"$(inherited)",
					"@executable_path/Frameworks",
				);
				PRODUCT_BUNDLE_IDENTIFIER = com.hvillasa.CustomSegmentControlledUITableView;
				PRODUCT_NAME = "$(TARGET_NAME)";
				SWIFT_VERSION = 5.0;
				TARGETED_DEVICE_FAMILY = "1,2";
			};
			name = Release;
		};
/* End XCBuildConfiguration section */

/* Begin XCConfigurationList section */
		E86D60FF224AAD2500850499 /* Build configuration list for PBXProject "CustomSegmentControlledUITableView" */ = {
			isa = XCConfigurationList;
			buildConfigurations = (
				E86D6114224AAD2800850499 /* Debug */,
				E86D6115224AAD2800850499 /* Release */,
			);
			defaultConfigurationIsVisible = 0;
			defaultConfigurationName = Release;
		};
		E86D6116224AAD2800850499 /* Build configuration list for PBXNativeTarget "CustomSegmentControlledUITableView" */ = {
			isa = XCConfigurationList;
			buildConfigurations = (
				E86D6117224AAD2800850499 /* Debug */,
				E86D6118224AAD2800850499 /* Release */,
			);
			defaultConfigurationIsVisible = 0;
			defaultConfigurationName = Release;
		};
/* End XCConfigurationList section */
	};
	rootObject = E86D60FC224AAD2500850499 /* Project object */;
}
